
Microsoft Visual Studio Solution File, Format Version 12.00
# Visual Studio Version 16
VisualStudioVersion = 16.0.28803.156
MinimumVisualStudioVersion = 10.0.40219.1
Project("{FAE04EC0-301F-11D3-BF4B-00C04F79EFBC}") = "IconLib", "IconLib\IconLib.csproj", "{CE53747F-D2E6-4E1E-9EF4-A0AE02671B1D}"
EndProject
Global
	GlobalSection(SolutionConfigurationPlatforms) = preSolution
		Debug|Any CPU = Debug|Any CPU
		Release|Any CPU = Release|Any CPU
	EndGlobalSection
	GlobalSection(ProjectConfigurationPlatforms) = postSolution
		{CE53747F-D2E6-4E1E-9EF4-A0AE02671B1D}.Debug|Any CPU.ActiveCfg = Debug|Any CPU
		{CE53747F-D2E6-4E1E-9EF4-A0AE02671B1D}.Debug|Any CPU.Build.0 = Debug|Any CPU
		{CE53747F-D2E6-4E1E-9EF4-A0AE02671B1D}.Release|Any CPU.ActiveCfg = Release|Any CPU
		{CE53747F-D2E6-4E1E-9EF4-A0AE02671B1D}.Release|Any CPU.Build.0 = Release|Any CPU
	EndGlobalSection
	GlobalSection(SolutionProperties) = preSolution
		HideSolutionNode = FALSE
	EndGlobalSection
	GlobalSection(ExtensibilityGlobals) = postSolution
		SolutionGuid = {470946D5-104C-4DA9-86D5-915C0FB35A91}
	EndGlobalSection
EndGlobal
