
Microsoft Visual Studio Solution File, Format Version 12.00
# Visual Studio Version 16
VisualStudioVersion = 16.0.28803.156
MinimumVisualStudioVersion = 10.0.40219.1
Project("{9A19103F-16F7-4668-BE54-9A1E7A4F7556}") = "IconLib", "IconLib\IconLib.csproj", "{CE53747F-D2E6-4E1E-9EF4-A0AE02671B1D}"
EndProject
Project("{9A19103F-16F7-4668-BE54-9A1E7A4F7556}") = "IconLib.Ref", "IconLib.Ref\IconLib.Ref.csproj", "{42428DC5-DBC4-4A35-BAD2-EC0A51B05D19}"
EndProject
Project("{2150E333-8FDC-42A3-9474-1A3956D46DE8}") = "Solution Items", "Solution Items", "{BFFBBEB0-1DE5-4229-B126-A5040013CCD4}"
	ProjectSection(SolutionItems) = preProject
		azure-pipelines.yml = azure-pipelines.yml
		Directory.Build.props = Directory.Build.props
		nuget.publish.config = nuget.publish.config
	EndProjectSection
EndProject
Global
	GlobalSection(SolutionConfigurationPlatforms) = preSolution
		Debug|Any CPU = Debug|Any CPU
		Debug|x64 = Debug|x64
		Debug|x86 = Debug|x86
		Release|Any CPU = Release|Any CPU
		Release|x64 = Release|x64
		Release|x86 = Release|x86
	EndGlobalSection
	GlobalSection(ProjectConfigurationPlatforms) = postSolution
		{CE53747F-D2E6-4E1E-9EF4-A0AE02671B1D}.Debug|Any CPU.ActiveCfg = Debug|Any CPU
		{CE53747F-D2E6-4E1E-9EF4-A0AE02671B1D}.Debug|Any CPU.Build.0 = Debug|Any CPU
		{CE53747F-D2E6-4E1E-9EF4-A0AE02671B1D}.Debug|x64.ActiveCfg = Debug|Any CPU
		{CE53747F-D2E6-4E1E-9EF4-A0AE02671B1D}.Debug|x64.Build.0 = Debug|Any CPU
		{CE53747F-D2E6-4E1E-9EF4-A0AE02671B1D}.Debug|x86.ActiveCfg = Debug|Any CPU
		{CE53747F-D2E6-4E1E-9EF4-A0AE02671B1D}.Debug|x86.Build.0 = Debug|Any CPU
		{CE53747F-D2E6-4E1E-9EF4-A0AE02671B1D}.Release|Any CPU.ActiveCfg = Release|Any CPU
		{CE53747F-D2E6-4E1E-9EF4-A0AE02671B1D}.Release|Any CPU.Build.0 = Release|Any CPU
		{CE53747F-D2E6-4E1E-9EF4-A0AE02671B1D}.Release|x64.ActiveCfg = Release|Any CPU
		{CE53747F-D2E6-4E1E-9EF4-A0AE02671B1D}.Release|x64.Build.0 = Release|Any CPU
		{CE53747F-D2E6-4E1E-9EF4-A0AE02671B1D}.Release|x86.ActiveCfg = Release|Any CPU
		{CE53747F-D2E6-4E1E-9EF4-A0AE02671B1D}.Release|x86.Build.0 = Release|Any CPU
		{42428DC5-DBC4-4A35-BAD2-EC0A51B05D19}.Debug|Any CPU.ActiveCfg = Debug|Any CPU
		{42428DC5-DBC4-4A35-BAD2-EC0A51B05D19}.Debug|Any CPU.Build.0 = Debug|Any CPU
		{42428DC5-DBC4-4A35-BAD2-EC0A51B05D19}.Debug|x64.ActiveCfg = Debug|Any CPU
		{42428DC5-DBC4-4A35-BAD2-EC0A51B05D19}.Debug|x64.Build.0 = Debug|Any CPU
		{42428DC5-DBC4-4A35-BAD2-EC0A51B05D19}.Debug|x86.ActiveCfg = Debug|Any CPU
		{42428DC5-DBC4-4A35-BAD2-EC0A51B05D19}.Debug|x86.Build.0 = Debug|Any CPU
		{42428DC5-DBC4-4A35-BAD2-EC0A51B05D19}.Release|Any CPU.ActiveCfg = Release|Any CPU
		{42428DC5-DBC4-4A35-BAD2-EC0A51B05D19}.Release|Any CPU.Build.0 = Release|Any CPU
		{42428DC5-DBC4-4A35-BAD2-EC0A51B05D19}.Release|x64.ActiveCfg = Release|Any CPU
		{42428DC5-DBC4-4A35-BAD2-EC0A51B05D19}.Release|x64.Build.0 = Release|Any CPU
		{42428DC5-DBC4-4A35-BAD2-EC0A51B05D19}.Release|x86.ActiveCfg = Release|Any CPU
		{42428DC5-DBC4-4A35-BAD2-EC0A51B05D19}.Release|x86.Build.0 = Release|Any CPU
	EndGlobalSection
	GlobalSection(SolutionProperties) = preSolution
		HideSolutionNode = FALSE
	EndGlobalSection
	GlobalSection(ExtensibilityGlobals) = postSolution
		SolutionGuid = {470946D5-104C-4DA9-86D5-915C0FB35A91}
	EndGlobalSection
EndGlobal
