
Microsoft Visual Studio Solution File, Format Version 12.00
# Visual Studio Version 16
VisualStudioVersion = 16.0.28803.202
MinimumVisualStudioVersion = 10.0.40219.1
Project("{FAE04EC0-301F-11D3-BF4B-00C04F79EFBC}") = "MultiIcon", "MultiIcon.csproj", "{BE1ADD60-F285-4084-BDCE-3C44CB076F58}"
EndProject
Project("{FAE04EC0-301F-11D3-BF4B-00C04F79EFBC}") = "IconLib", "..\IconLib\IconLib\IconLib.csproj", "{CE53747F-D2E6-4E1E-9EF4-A0AE02671B1D}"
EndProject
Project("{2150E333-8FDC-42A3-9474-1A3956D46DE8}") = "Solution Items", "Solution Items", "{3A19EF17-CABA-4C65-BB6C-3B7B80B29CE1}"
	ProjectSection(SolutionItems) = preProject
		..\.gitignore = ..\.gitignore
		Directory.Build.props = Directory.Build.props
		..\LICENSE = ..\LICENSE
		..\README.md = ..\README.md
	EndProjectSection
EndProject
Global
	GlobalSection(SolutionConfigurationPlatforms) = preSolution
		Debug|Any CPU = Debug|Any CPU
		Debug|x64 = Debug|x64
		Debug|x86 = Debug|x86
		Release|Any CPU = Release|Any CPU
		Release|x64 = Release|x64
		Release|x86 = Release|x86
	EndGlobalSection
	GlobalSection(ProjectConfigurationPlatforms) = postSolution
		{BE1ADD60-F285-4084-BDCE-3C44CB076F58}.Debug|Any CPU.ActiveCfg = Debug|Any CPU
		{BE1ADD60-F285-4084-BDCE-3C44CB076F58}.Debug|Any CPU.Build.0 = Debug|Any CPU
		{BE1ADD60-F285-4084-BDCE-3C44CB076F58}.Debug|x64.ActiveCfg = Debug|x64
		{BE1ADD60-F285-4084-BDCE-3C44CB076F58}.Debug|x64.Build.0 = Debug|x64
		{BE1ADD60-F285-4084-BDCE-3C44CB076F58}.Debug|x86.ActiveCfg = Debug|x86
		{BE1ADD60-F285-4084-BDCE-3C44CB076F58}.Debug|x86.Build.0 = Debug|x86
		{BE1ADD60-F285-4084-BDCE-3C44CB076F58}.Release|Any CPU.ActiveCfg = Release|Any CPU
		{BE1ADD60-F285-4084-BDCE-3C44CB076F58}.Release|Any CPU.Build.0 = Release|Any CPU
		{BE1ADD60-F285-4084-BDCE-3C44CB076F58}.Release|x64.ActiveCfg = Release|x64
		{BE1ADD60-F285-4084-BDCE-3C44CB076F58}.Release|x64.Build.0 = Release|x64
		{BE1ADD60-F285-4084-BDCE-3C44CB076F58}.Release|x86.ActiveCfg = Release|x86
		{BE1ADD60-F285-4084-BDCE-3C44CB076F58}.Release|x86.Build.0 = Release|x86
		{CE53747F-D2E6-4E1E-9EF4-A0AE02671B1D}.Debug|Any CPU.ActiveCfg = Debug|Any CPU
		{CE53747F-D2E6-4E1E-9EF4-A0AE02671B1D}.Debug|Any CPU.Build.0 = Debug|Any CPU
		{CE53747F-D2E6-4E1E-9EF4-A0AE02671B1D}.Debug|x64.ActiveCfg = Debug|x64
		{CE53747F-D2E6-4E1E-9EF4-A0AE02671B1D}.Debug|x64.Build.0 = Debug|x64
		{CE53747F-D2E6-4E1E-9EF4-A0AE02671B1D}.Debug|x86.ActiveCfg = Debug|Any CPU
		{CE53747F-D2E6-4E1E-9EF4-A0AE02671B1D}.Debug|x86.Build.0 = Debug|Any CPU
		{CE53747F-D2E6-4E1E-9EF4-A0AE02671B1D}.Release|Any CPU.ActiveCfg = Release|Any CPU
		{CE53747F-D2E6-4E1E-9EF4-A0AE02671B1D}.Release|Any CPU.Build.0 = Release|Any CPU
		{CE53747F-D2E6-4E1E-9EF4-A0AE02671B1D}.Release|x64.ActiveCfg = Release|x64
		{CE53747F-D2E6-4E1E-9EF4-A0AE02671B1D}.Release|x64.Build.0 = Release|x64
		{CE53747F-D2E6-4E1E-9EF4-A0AE02671B1D}.Release|x86.ActiveCfg = Release|x86
		{CE53747F-D2E6-4E1E-9EF4-A0AE02671B1D}.Release|x86.Build.0 = Release|x86
	EndGlobalSection
	GlobalSection(SolutionProperties) = preSolution
		HideSolutionNode = FALSE
	EndGlobalSection
	GlobalSection(ExtensibilityGlobals) = postSolution
		SolutionGuid = {F12BCE0B-B2B8-40A3-9C1C-02A27216987B}
	EndGlobalSection
EndGlobal
