
Microsoft Visual Studio Solution File, Format Version 12.00
# Visual Studio Version 16
VisualStudioVersion = 16.0.29911.84
MinimumVisualStudioVersion = 10.0.40219.1
Project("{9A19103F-16F7-4668-BE54-9A1E7A4F7556}") = "MultiIcon", "MultiIcon.csproj", "{18261A1F-2388-4855-AB52-9D8CEB8AB50D}"
EndProject
Project("{9A19103F-16F7-4668-BE54-9A1E7A4F7556}") = "IconLib.Ref", "..\IconLib\IconLib.Ref\IconLib.Ref.csproj", "{8D9C8513-82C2-4879-BC48-7AD93B92542B}"
EndProject
Project("{9A19103F-16F7-4668-BE54-9A1E7A4F7556}") = "IconLib", "..\IconLib\IconLib\IconLib.csproj", "{51954710-A50E-42C9-9461-256FAA0A9727}"
EndProject
Project("{2150E333-8FDC-42A3-9474-1A3956D46DE8}") = "Solution Items", "Solution Items", "{234C7706-B3BE-46FE-B8E7-8039F35CD8DF}"
	ProjectSection(SolutionItems) = preProject
		..\Changelog.md = ..\Changelog.md
		Directory.Build.props = Directory.Build.props
		..\LICENSE = ..\LICENSE
		..\README.md = ..\README.md
	EndProjectSection
EndProject
Global
	GlobalSection(SolutionConfigurationPlatforms) = preSolution
		Debug|Any CPU = Debug|Any CPU
		Debug|x64 = Debug|x64
		Debug|x86 = Debug|x86
		Release|Any CPU = Release|Any CPU
		Release|x64 = Release|x64
		Release|x86 = Release|x86
	EndGlobalSection
	GlobalSection(ProjectConfigurationPlatforms) = postSolution
		{18261A1F-2388-4855-AB52-9D8CEB8AB50D}.Debug|Any CPU.ActiveCfg = Debug|Any CPU
		{18261A1F-2388-4855-AB52-9D8CEB8AB50D}.Debug|Any CPU.Build.0 = Debug|Any CPU
		{18261A1F-2388-4855-AB52-9D8CEB8AB50D}.Debug|x64.ActiveCfg = Debug|Any CPU
		{18261A1F-2388-4855-AB52-9D8CEB8AB50D}.Debug|x64.Build.0 = Debug|Any CPU
		{18261A1F-2388-4855-AB52-9D8CEB8AB50D}.Debug|x86.ActiveCfg = Debug|Any CPU
		{18261A1F-2388-4855-AB52-9D8CEB8AB50D}.Debug|x86.Build.0 = Debug|Any CPU
		{18261A1F-2388-4855-AB52-9D8CEB8AB50D}.Release|Any CPU.ActiveCfg = Release|Any CPU
		{18261A1F-2388-4855-AB52-9D8CEB8AB50D}.Release|Any CPU.Build.0 = Release|Any CPU
		{18261A1F-2388-4855-AB52-9D8CEB8AB50D}.Release|x64.ActiveCfg = Release|Any CPU
		{18261A1F-2388-4855-AB52-9D8CEB8AB50D}.Release|x64.Build.0 = Release|Any CPU
		{18261A1F-2388-4855-AB52-9D8CEB8AB50D}.Release|x86.ActiveCfg = Release|Any CPU
		{18261A1F-2388-4855-AB52-9D8CEB8AB50D}.Release|x86.Build.0 = Release|Any CPU
		{8D9C8513-82C2-4879-BC48-7AD93B92542B}.Debug|Any CPU.ActiveCfg = Debug|Any CPU
		{8D9C8513-82C2-4879-BC48-7AD93B92542B}.Debug|Any CPU.Build.0 = Debug|Any CPU
		{8D9C8513-82C2-4879-BC48-7AD93B92542B}.Debug|x64.ActiveCfg = Debug|x64
		{8D9C8513-82C2-4879-BC48-7AD93B92542B}.Debug|x64.Build.0 = Debug|x64
		{8D9C8513-82C2-4879-BC48-7AD93B92542B}.Debug|x86.ActiveCfg = Debug|x86
		{8D9C8513-82C2-4879-BC48-7AD93B92542B}.Debug|x86.Build.0 = Debug|x86
		{8D9C8513-82C2-4879-BC48-7AD93B92542B}.Release|Any CPU.ActiveCfg = Release|Any CPU
		{8D9C8513-82C2-4879-BC48-7AD93B92542B}.Release|Any CPU.Build.0 = Release|Any CPU
		{8D9C8513-82C2-4879-BC48-7AD93B92542B}.Release|x64.ActiveCfg = Release|Any CPU
		{8D9C8513-82C2-4879-BC48-7AD93B92542B}.Release|x64.Build.0 = Release|Any CPU
		{8D9C8513-82C2-4879-BC48-7AD93B92542B}.Release|x86.ActiveCfg = Release|x86
		{8D9C8513-82C2-4879-BC48-7AD93B92542B}.Release|x86.Build.0 = Release|x86
		{51954710-A50E-42C9-9461-256FAA0A9727}.Debug|Any CPU.ActiveCfg = Debug|Any CPU
		{51954710-A50E-42C9-9461-256FAA0A9727}.Debug|Any CPU.Build.0 = Debug|Any CPU
		{51954710-A50E-42C9-9461-256FAA0A9727}.Debug|x64.ActiveCfg = Debug|Any CPU
		{51954710-A50E-42C9-9461-256FAA0A9727}.Debug|x64.Build.0 = Debug|Any CPU
		{51954710-A50E-42C9-9461-256FAA0A9727}.Debug|x86.ActiveCfg = Debug|Any CPU
		{51954710-A50E-42C9-9461-256FAA0A9727}.Debug|x86.Build.0 = Debug|Any CPU
		{51954710-A50E-42C9-9461-256FAA0A9727}.Release|Any CPU.ActiveCfg = Release|Any CPU
		{51954710-A50E-42C9-9461-256FAA0A9727}.Release|Any CPU.Build.0 = Release|Any CPU
		{51954710-A50E-42C9-9461-256FAA0A9727}.Release|x64.ActiveCfg = Release|Any CPU
		{51954710-A50E-42C9-9461-256FAA0A9727}.Release|x64.Build.0 = Release|Any CPU
		{51954710-A50E-42C9-9461-256FAA0A9727}.Release|x86.ActiveCfg = Release|Any CPU
		{51954710-A50E-42C9-9461-256FAA0A9727}.Release|x86.Build.0 = Release|Any CPU
	EndGlobalSection
	GlobalSection(SolutionProperties) = preSolution
		HideSolutionNode = FALSE
	EndGlobalSection
	GlobalSection(ExtensibilityGlobals) = postSolution
		SolutionGuid = {B5646AF8-58DD-4CEF-BB8E-1E164153B40F}
	EndGlobalSection
EndGlobal
